
Microsoft Visual Studio Solution File, Format Version 12.00
# Visual Studio 2013
VisualStudioVersion = 12.0.21005.1
MinimumVisualStudioVersion = 10.0.40219.1
Project("{FAE04EC0-301F-11D3-BF4B-00C04F79EFBC}") = "01.ExchangeIfGreater", "01.ExchangeIfGreater\01.ExchangeIfGreater.csproj", "{7FD03A1A-4128-4E6A-B317-F38835013DA2}"
EndProject
Project("{FAE04EC0-301F-11D3-BF4B-00C04F79EFBC}") = "02.BonusScore", "02.BonusScore\02.BonusScore.csproj", "{E084FEBA-E4F3-46B2-B692-62679DD18023}"
EndProject
Project("{FAE04EC0-301F-11D3-BF4B-00C04F79EFBC}") = "03.CheckForPlayCard", "03.CheckForPlayCard\03.CheckForPlayCard.csproj", "{22764550-8AAB-4817-9BE5-6B7D1248DED7}"
EndProject
Project("{FAE04EC0-301F-11D3-BF4B-00C04F79EFBC}") = "04.MultiplicationSign", "04.MultiplicationSign\04.MultiplicationSign.csproj", "{5A66A1D0-5C54-455A-B2CA-ACF1A06620CA}"
EndProject
Project("{FAE04EC0-301F-11D3-BF4B-00C04F79EFBC}") = "05.TheBiggestOf3Numbers", "05.TheBiggestOf3Numbers\05.TheBiggestOf3Numbers.csproj", "{1396592C-2F74-49D2-8D8A-BEDC7BC1ECEF}"
EndProject
Project("{FAE04EC0-301F-11D3-BF4B-00C04F79EFBC}") = "06.TheBiggestOfFiveNumbers", "06.TheBiggestOfFiveNumbers\06.TheBiggestOfFiveNumbers.csproj", "{C56C3441-CC8E-46E6-96BE-4AE719212B19}"
EndProject
Project("{FAE04EC0-301F-11D3-BF4B-00C04F79EFBC}") = "07.SortNumbers", "07.SortNumbers\07.SortNumbers.csproj", "{C3F6709E-12C9-4E67-9E6B-08CA4C41B96B}"
EndProject
Project("{FAE04EC0-301F-11D3-BF4B-00C04F79EFBC}") = "08.DigitAWord", "08.DigitAWord\08.DigitAWord.csproj", "{10E5D5EF-239E-4AAA-8D85-0887C0F12DE6}"
EndProject
Project("{FAE04EC0-301F-11D3-BF4B-00C04F79EFBC}") = "09.PlayWith", "09.PlayWith\09.PlayWith.csproj", "{654A2254-3B0E-4173-B98E-6F0ED7549017}"
EndProject
Project("{FAE04EC0-301F-11D3-BF4B-00C04F79EFBC}") = "10.BeerTime", "10.BeerTime\10.BeerTime.csproj", "{3D467830-984D-4F4B-80F9-C59A70E4D661}"
EndProject
Project("{FAE04EC0-301F-11D3-BF4B-00C04F79EFBC}") = "11.NumberAsWords", "11.NumberAsWords\11.NumberAsWords.csproj", "{227F1BD0-7BF3-4695-BF58-F6E75482DAED}"
EndProject
Project("{FAE04EC0-301F-11D3-BF4B-00C04F79EFBC}") = "12.ZeroSubset", "12.ZeroSubset\12.ZeroSubset.csproj", "{838EA5F0-9AB7-416A-B8A9-5BBFDD7E44E2}"
EndProject
Global
	GlobalSection(SolutionConfigurationPlatforms) = preSolution
		Debug|Any CPU = Debug|Any CPU
		Release|Any CPU = Release|Any CPU
	EndGlobalSection
	GlobalSection(ProjectConfigurationPlatforms) = postSolution
		{7FD03A1A-4128-4E6A-B317-F38835013DA2}.Debug|Any CPU.ActiveCfg = Debug|Any CPU
		{7FD03A1A-4128-4E6A-B317-F38835013DA2}.Debug|Any CPU.Build.0 = Debug|Any CPU
		{7FD03A1A-4128-4E6A-B317-F38835013DA2}.Release|Any CPU.ActiveCfg = Release|Any CPU
		{7FD03A1A-4128-4E6A-B317-F38835013DA2}.Release|Any CPU.Build.0 = Release|Any CPU
		{E084FEBA-E4F3-46B2-B692-62679DD18023}.Debug|Any CPU.ActiveCfg = Debug|Any CPU
		{E084FEBA-E4F3-46B2-B692-62679DD18023}.Debug|Any CPU.Build.0 = Debug|Any CPU
		{E084FEBA-E4F3-46B2-B692-62679DD18023}.Release|Any CPU.ActiveCfg = Release|Any CPU
		{E084FEBA-E4F3-46B2-B692-62679DD18023}.Release|Any CPU.Build.0 = Release|Any CPU
		{22764550-8AAB-4817-9BE5-6B7D1248DED7}.Debug|Any CPU.ActiveCfg = Debug|Any CPU
		{22764550-8AAB-4817-9BE5-6B7D1248DED7}.Debug|Any CPU.Build.0 = Debug|Any CPU
		{22764550-8AAB-4817-9BE5-6B7D1248DED7}.Release|Any CPU.ActiveCfg = Release|Any CPU
		{22764550-8AAB-4817-9BE5-6B7D1248DED7}.Release|Any CPU.Build.0 = Release|Any CPU
		{5A66A1D0-5C54-455A-B2CA-ACF1A06620CA}.Debug|Any CPU.ActiveCfg = Debug|Any CPU
		{5A66A1D0-5C54-455A-B2CA-ACF1A06620CA}.Debug|Any CPU.Build.0 = Debug|Any CPU
		{5A66A1D0-5C54-455A-B2CA-ACF1A06620CA}.Release|Any CPU.ActiveCfg = Release|Any CPU
		{5A66A1D0-5C54-455A-B2CA-ACF1A06620CA}.Release|Any CPU.Build.0 = Release|Any CPU
		{1396592C-2F74-49D2-8D8A-BEDC7BC1ECEF}.Debug|Any CPU.ActiveCfg = Debug|Any CPU
		{1396592C-2F74-49D2-8D8A-BEDC7BC1ECEF}.Debug|Any CPU.Build.0 = Debug|Any CPU
		{1396592C-2F74-49D2-8D8A-BEDC7BC1ECEF}.Release|Any CPU.ActiveCfg = Release|Any CPU
		{1396592C-2F74-49D2-8D8A-BEDC7BC1ECEF}.Release|Any CPU.Build.0 = Release|Any CPU
		{C56C3441-CC8E-46E6-96BE-4AE719212B19}.Debug|Any CPU.ActiveCfg = Debug|Any CPU
		{C56C3441-CC8E-46E6-96BE-4AE719212B19}.Debug|Any CPU.Build.0 = Debug|Any CPU
		{C56C3441-CC8E-46E6-96BE-4AE719212B19}.Release|Any CPU.ActiveCfg = Release|Any CPU
		{C56C3441-CC8E-46E6-96BE-4AE719212B19}.Release|Any CPU.Build.0 = Release|Any CPU
		{C3F6709E-12C9-4E67-9E6B-08CA4C41B96B}.Debug|Any CPU.ActiveCfg = Debug|Any CPU
		{C3F6709E-12C9-4E67-9E6B-08CA4C41B96B}.Debug|Any CPU.Build.0 = Debug|Any CPU
		{C3F6709E-12C9-4E67-9E6B-08CA4C41B96B}.Release|Any CPU.ActiveCfg = Release|Any CPU
		{C3F6709E-12C9-4E67-9E6B-08CA4C41B96B}.Release|Any CPU.Build.0 = Release|Any CPU
		{10E5D5EF-239E-4AAA-8D85-0887C0F12DE6}.Debug|Any CPU.ActiveCfg = Debug|Any CPU
		{10E5D5EF-239E-4AAA-8D85-0887C0F12DE6}.Debug|Any CPU.Build.0 = Debug|Any CPU
		{10E5D5EF-239E-4AAA-8D85-0887C0F12DE6}.Release|Any CPU.ActiveCfg = Release|Any CPU
		{10E5D5EF-239E-4AAA-8D85-0887C0F12DE6}.Release|Any CPU.Build.0 = Release|Any CPU
		{654A2254-3B0E-4173-B98E-6F0ED7549017}.Debug|Any CPU.ActiveCfg = Debug|Any CPU
		{654A2254-3B0E-4173-B98E-6F0ED7549017}.Debug|Any CPU.Build.0 = Debug|Any CPU
		{654A2254-3B0E-4173-B98E-6F0ED7549017}.Release|Any CPU.ActiveCfg = Release|Any CPU
		{654A2254-3B0E-4173-B98E-6F0ED7549017}.Release|Any CPU.Build.0 = Release|Any CPU
		{3D467830-984D-4F4B-80F9-C59A70E4D661}.Debug|Any CPU.ActiveCfg = Debug|Any CPU
		{3D467830-984D-4F4B-80F9-C59A70E4D661}.Debug|Any CPU.Build.0 = Debug|Any CPU
		{3D467830-984D-4F4B-80F9-C59A70E4D661}.Release|Any CPU.ActiveCfg = Release|Any CPU
		{3D467830-984D-4F4B-80F9-C59A70E4D661}.Release|Any CPU.Build.0 = Release|Any CPU
		{227F1BD0-7BF3-4695-BF58-F6E75482DAED}.Debug|Any CPU.ActiveCfg = Debug|Any CPU
		{227F1BD0-7BF3-4695-BF58-F6E75482DAED}.Debug|Any CPU.Build.0 = Debug|Any CPU
		{227F1BD0-7BF3-4695-BF58-F6E75482DAED}.Release|Any CPU.ActiveCfg = Release|Any CPU
		{227F1BD0-7BF3-4695-BF58-F6E75482DAED}.Release|Any CPU.Build.0 = Release|Any CPU
		{838EA5F0-9AB7-416A-B8A9-5BBFDD7E44E2}.Debug|Any CPU.ActiveCfg = Debug|Any CPU
		{838EA5F0-9AB7-416A-B8A9-5BBFDD7E44E2}.Debug|Any CPU.Build.0 = Debug|Any CPU
		{838EA5F0-9AB7-416A-B8A9-5BBFDD7E44E2}.Release|Any CPU.ActiveCfg = Release|Any CPU
		{838EA5F0-9AB7-416A-B8A9-5BBFDD7E44E2}.Release|Any CPU.Build.0 = Release|Any CPU
	EndGlobalSection
	GlobalSection(SolutionProperties) = preSolution
		HideSolutionNode = FALSE
	EndGlobalSection
EndGlobal
